
Microsoft Visual Studio Solution File, Format Version 12.00
# Visual Studio Version 16
VisualStudioVersion = 16.0.29215.179
MinimumVisualStudioVersion = 10.0.40219.1
Project("{FAE04EC0-301F-11D3-BF4B-00C04F79EFBC}") = "123", "123.csproj", "{DD45DFF1-66A5-4C08-BEC4-FF352124CB4C}"
EndProject
Global
	GlobalSection(SolutionConfigurationPlatforms) = preSolution
		Debug|Any CPU = Debug|Any CPU
		Release|Any CPU = Release|Any CPU
	EndGlobalSection
	GlobalSection(ProjectConfigurationPlatforms) = postSolution
		{DD45DFF1-66A5-4C08-BEC4-FF352124CB4C}.Debug|Any CPU.ActiveCfg = Debug|Any CPU
		{DD45DFF1-66A5-4C08-BEC4-FF352124CB4C}.Debug|Any CPU.Build.0 = Debug|Any CPU
		{DD45DFF1-66A5-4C08-BEC4-FF352124CB4C}.Release|Any CPU.ActiveCfg = Release|Any CPU
		{DD45DFF1-66A5-4C08-BEC4-FF352124CB4C}.Release|Any CPU.Build.0 = Release|Any CPU
	EndGlobalSection
	GlobalSection(SolutionProperties) = preSolution
		HideSolutionNode = FALSE
	EndGlobalSection
	GlobalSection(ExtensibilityGlobals) = postSolution
		SolutionGuid = {335D987C-7DB9-498B-9CD0-7C8AD23AC147}
	EndGlobalSection
EndGlobal
